// !$*UTF8*$!
{
	archiveVersion = 1;
	classes = {
	};
	objectVersion = 56;
	objects = {

/* Begin PBXBuildFile section */
		C0532F3129C3728200B72E7B /* AppDelegate.swift in Sources */ = {isa = PBXBuildFile; fileRef = C0532F3029C3728200B72E7B /* AppDelegate.swift */; };
		C0532F3329C3728200B72E7B /* SceneDelegate.swift in Sources */ = {isa = PBXBuildFile; fileRef = C0532F3229C3728200B72E7B /* SceneDelegate.swift */; };
		C0532F3529C3728200B72E7B /* MangimeViewController.swift in Sources */ = {isa = PBXBuildFile; fileRef = C0532F3429C3728200B72E7B /* MangimeViewController.swift */; };
		C0532F3829C3728200B72E7B /* Main.storyboard in Resources */ = {isa = PBXBuildFile; fileRef = C0532F3629C3728200B72E7B /* Main.storyboard */; };
		C0532F3A29C3728500B72E7B /* Assets.xcassets in Resources */ = {isa = PBXBuildFile; fileRef = C0532F3929C3728500B72E7B /* Assets.xcassets */; };
		C0532F3D29C3728500B72E7B /* LaunchScreen.storyboard in Resources */ = {isa = PBXBuildFile; fileRef = C0532F3B29C3728500B72E7B /* LaunchScreen.storyboard */; };
		C0532F4829C4C19600B72E7B /* MangimeManager.swift in Sources */ = {isa = PBXBuildFile; fileRef = C0532F4729C4C19600B72E7B /* MangimeManager.swift */; };
		C0532F4A29C4C1F500B72E7B /* MangimeData.swift in Sources */ = {isa = PBXBuildFile; fileRef = C0532F4929C4C1F500B72E7B /* MangimeData.swift */; };
		C0532F4C29C4F59900B72E7B /* MangimeModel.swift in Sources */ = {isa = PBXBuildFile; fileRef = C0532F4B29C4F59800B72E7B /* MangimeModel.swift */; };
		C0532F4F29C8C30500B72E7B /* MangimeCell.swift in Sources */ = {isa = PBXBuildFile; fileRef = C0532F4D29C8C30500B72E7B /* MangimeCell.swift */; };
		C0532F5029C8C30500B72E7B /* MangimeCell.xib in Resources */ = {isa = PBXBuildFile; fileRef = C0532F4E29C8C30500B72E7B /* MangimeCell.xib */; };
		C08DF0DD29CE0D2600C18E50 /* MangimeInfoViewController.swift in Sources */ = {isa = PBXBuildFile; fileRef = C08DF0DC29CE0D2600C18E50 /* MangimeInfoViewController.swift */; };
/* End PBXBuildFile section */

/* Begin PBXFileReference section */
		C0532F2D29C3728200B72E7B /* Mangime.app */ = {isa = PBXFileReference; explicitFileType = wrapper.application; includeInIndex = 0; path = Mangime.app; sourceTree = BUILT_PRODUCTS_DIR; };
		C0532F3029C3728200B72E7B /* AppDelegate.swift */ = {isa = PBXFileReference; lastKnownFileType = sourcecode.swift; path = AppDelegate.swift; sourceTree = "<group>"; };
		C0532F3229C3728200B72E7B /* SceneDelegate.swift */ = {isa = PBXFileReference; lastKnownFileType = sourcecode.swift; path = SceneDelegate.swift; sourceTree = "<group>"; };
		C0532F3429C3728200B72E7B /* MangimeViewController.swift */ = {isa = PBXFileReference; lastKnownFileType = sourcecode.swift; path = MangimeViewController.swift; sourceTree = "<group>"; };
		C0532F3729C3728200B72E7B /* Base */ = {isa = PBXFileReference; lastKnownFileType = file.storyboard; name = Base; path = Base.lproj/Main.storyboard; sourceTree = "<group>"; };
		C0532F3929C3728500B72E7B /* Assets.xcassets */ = {isa = PBXFileReference; lastKnownFileType = folder.assetcatalog; path = Assets.xcassets; sourceTree = "<group>"; };
		C0532F3C29C3728500B72E7B /* Base */ = {isa = PBXFileReference; lastKnownFileType = file.storyboard; name = Base; path = Base.lproj/LaunchScreen.storyboard; sourceTree = "<group>"; };
		C0532F3E29C3728500B72E7B /* Info.plist */ = {isa = PBXFileReference; lastKnownFileType = text.plist.xml; path = Info.plist; sourceTree = "<group>"; };
		C0532F4729C4C19600B72E7B /* MangimeManager.swift */ = {isa = PBXFileReference; lastKnownFileType = sourcecode.swift; path = MangimeManager.swift; sourceTree = "<group>"; };
		C0532F4929C4C1F500B72E7B /* MangimeData.swift */ = {isa = PBXFileReference; lastKnownFileType = sourcecode.swift; path = MangimeData.swift; sourceTree = "<group>"; };
		C0532F4B29C4F59800B72E7B /* MangimeModel.swift */ = {isa = PBXFileReference; lastKnownFileType = sourcecode.swift; path = MangimeModel.swift; sourceTree = "<group>"; };
		C0532F4D29C8C30500B72E7B /* MangimeCell.swift */ = {isa = PBXFileReference; lastKnownFileType = sourcecode.swift; path = MangimeCell.swift; sourceTree = "<group>"; };
		C0532F4E29C8C30500B72E7B /* MangimeCell.xib */ = {isa = PBXFileReference; lastKnownFileType = file.xib; path = MangimeCell.xib; sourceTree = "<group>"; };
		C08DF0DC29CE0D2600C18E50 /* MangimeInfoViewController.swift */ = {isa = PBXFileReference; lastKnownFileType = sourcecode.swift; path = MangimeInfoViewController.swift; sourceTree = "<group>"; };
/* End PBXFileReference section */

/* Begin PBXFrameworksBuildPhase section */
		C0532F2A29C3728200B72E7B /* Frameworks */ = {
			isa = PBXFrameworksBuildPhase;
			buildActionMask = 2147483647;
			files = (
			);
			runOnlyForDeploymentPostprocessing = 0;
		};
/* End PBXFrameworksBuildPhase section */

/* Begin PBXGroup section */
		C0532F2429C3728200B72E7B = {
			isa = PBXGroup;
			children = (
				C0532F2F29C3728200B72E7B /* Mangime */,
				C0532F2E29C3728200B72E7B /* Products */,
			);
			sourceTree = "<group>";
		};
		C0532F2E29C3728200B72E7B /* Products */ = {
			isa = PBXGroup;
			children = (
				C0532F2D29C3728200B72E7B /* Mangime.app */,
			);
			name = Products;
			sourceTree = "<group>";
		};
		C0532F2F29C3728200B72E7B /* Mangime */ = {
			isa = PBXGroup;
			children = (
				C0532F4629C4C17A00B72E7B /* Models */,
				C0532F4529C3768900B72E7B /* Views */,
				C0532F4429C372CF00B72E7B /* Controllers */,
				C0532F3029C3728200B72E7B /* AppDelegate.swift */,
				C0532F3229C3728200B72E7B /* SceneDelegate.swift */,
				C0532F3929C3728500B72E7B /* Assets.xcassets */,
				C0532F3B29C3728500B72E7B /* LaunchScreen.storyboard */,
				C0532F3E29C3728500B72E7B /* Info.plist */,
			);
			path = Mangime;
			sourceTree = "<group>";
		};
		C0532F4429C372CF00B72E7B /* Controllers */ = {
			isa = PBXGroup;
			children = (
				C0532F3429C3728200B72E7B /* MangimeViewController.swift */,
				C08DF0DC29CE0D2600C18E50 /* MangimeInfoViewController.swift */,
			);
			path = Controllers;
			sourceTree = "<group>";
		};
		C0532F4529C3768900B72E7B /* Views */ = {
			isa = PBXGroup;
			children = (
				C0532F3629C3728200B72E7B /* Main.storyboard */,
				C0532F4D29C8C30500B72E7B /* MangimeCell.swift */,
				C0532F4E29C8C30500B72E7B /* MangimeCell.xib */,
			);
			path = Views;
			sourceTree = "<group>";
		};
		C0532F4629C4C17A00B72E7B /* Models */ = {
			isa = PBXGroup;
			children = (
				C0532F4729C4C19600B72E7B /* MangimeManager.swift */,
				C0532F4929C4C1F500B72E7B /* MangimeData.swift */,
				C0532F4B29C4F59800B72E7B /* MangimeModel.swift */,
			);
			path = Models;
			sourceTree = "<group>";
		};
/* End PBXGroup section */

/* Begin PBXNativeTarget section */
		C0532F2C29C3728200B72E7B /* Mangime */ = {
			isa = PBXNativeTarget;
			buildConfigurationList = C0532F4129C3728500B72E7B /* Build configuration list for PBXNativeTarget "Mangime" */;
			buildPhases = (
				C0532F2929C3728200B72E7B /* Sources */,
				C0532F2A29C3728200B72E7B /* Frameworks */,
				C0532F2B29C3728200B72E7B /* Resources */,
			);
			buildRules = (
			);
			dependencies = (
			);
			name = Mangime;
			productName = Mangime;
			productReference = C0532F2D29C3728200B72E7B /* Mangime.app */;
			productType = "com.apple.product-type.application";
		};
/* End PBXNativeTarget section */

/* Begin PBXProject section */
		C0532F2529C3728200B72E7B /* Project object */ = {
			isa = PBXProject;
			attributes = {
				BuildIndependentTargetsInParallel = 1;
				LastSwiftUpdateCheck = 1420;
				LastUpgradeCheck = 1420;
				TargetAttributes = {
					C0532F2C29C3728200B72E7B = {
						CreatedOnToolsVersion = 14.2;
					};
				};
			};
			buildConfigurationList = C0532F2829C3728200B72E7B /* Build configuration list for PBXProject "Mangime" */;
			compatibilityVersion = "Xcode 14.0";
			developmentRegion = en;
			hasScannedForEncodings = 0;
			knownRegions = (
				en,
				Base,
			);
			mainGroup = C0532F2429C3728200B72E7B;
			productRefGroup = C0532F2E29C3728200B72E7B /* Products */;
			projectDirPath = "";
			projectRoot = "";
			targets = (
				C0532F2C29C3728200B72E7B /* Mangime */,
			);
		};
/* End PBXProject section */

/* Begin PBXResourcesBuildPhase section */
		C0532F2B29C3728200B72E7B /* Resources */ = {
			isa = PBXResourcesBuildPhase;
			buildActionMask = 2147483647;
			files = (
				C0532F3D29C3728500B72E7B /* LaunchScreen.storyboard in Resources */,
				C0532F3A29C3728500B72E7B /* Assets.xcassets in Resources */,
				C0532F5029C8C30500B72E7B /* MangimeCell.xib in Resources */,
				C0532F3829C3728200B72E7B /* Main.storyboard in Resources */,
			);
			runOnlyForDeploymentPostprocessing = 0;
		};
/* End PBXResourcesBuildPhase section */

/* Begin PBXSourcesBuildPhase section */
		C0532F2929C3728200B72E7B /* Sources */ = {
			isa = PBXSourcesBuildPhase;
			buildActionMask = 2147483647;
			files = (
				C0532F4829C4C19600B72E7B /* MangimeManager.swift in Sources */,
				C0532F3529C3728200B72E7B /* MangimeViewController.swift in Sources */,
				C0532F4C29C4F59900B72E7B /* MangimeModel.swift in Sources */,
				C08DF0DD29CE0D2600C18E50 /* MangimeInfoViewController.swift in Sources */,
				C0532F3129C3728200B72E7B /* AppDelegate.swift in Sources */,
				C0532F4F29C8C30500B72E7B /* MangimeCell.swift in Sources */,
				C0532F4A29C4C1F500B72E7B /* MangimeData.swift in Sources */,
				C0532F3329C3728200B72E7B /* SceneDelegate.swift in Sources */,
			);
			runOnlyForDeploymentPostprocessing = 0;
		};
/* End PBXSourcesBuildPhase section */

/* Begin PBXVariantGroup section */
		C0532F3629C3728200B72E7B /* Main.storyboard */ = {
			isa = PBXVariantGroup;
			children = (
				C0532F3729C3728200B72E7B /* Base */,
			);
			name = Main.storyboard;
			sourceTree = "<group>";
		};
		C0532F3B29C3728500B72E7B /* LaunchScreen.storyboard */ = {
			isa = PBXVariantGroup;
			children = (
				C0532F3C29C3728500B72E7B /* Base */,
			);
			name = LaunchScreen.storyboard;
			sourceTree = "<group>";
		};
/* End PBXVariantGroup section */

/* Begin XCBuildConfiguration section */
		C0532F3F29C3728500B72E7B /* Debug */ = {
			isa = XCBuildConfiguration;
			buildSettings = {
				ALWAYS_SEARCH_USER_PATHS = NO;
				CLANG_ANALYZER_NONNULL = YES;
				CLANG_ANALYZER_NUMBER_OBJECT_CONVERSION = YES_AGGRESSIVE;
				CLANG_CXX_LANGUAGE_STANDARD = "gnu++20";
				CLANG_ENABLE_MODULES = YES;
				CLANG_ENABLE_OBJC_ARC = YES;
				CLANG_ENABLE_OBJC_WEAK = YES;
				CLANG_WARN_BLOCK_CAPTURE_AUTORELEASING = YES;
				CLANG_WARN_BOOL_CONVERSION = YES;
				CLANG_WARN_COMMA = YES;
				CLANG_WARN_CONSTANT_CONVERSION = YES;
				CLANG_WARN_DEPRECATED_OBJC_IMPLEMENTATIONS = YES;
				CLANG_WARN_DIRECT_OBJC_ISA_USAGE = YES_ERROR;
				CLANG_WARN_DOCUMENTATION_COMMENTS = YES;
				CLANG_WARN_EMPTY_BODY = YES;
				CLANG_WARN_ENUM_CONVERSION = YES;
				CLANG_WARN_INFINITE_RECURSION = YES;
				CLANG_WARN_INT_CONVERSION = YES;
				CLANG_WARN_NON_LITERAL_NULL_CONVERSION = YES;
				CLANG_WARN_OBJC_IMPLICIT_RETAIN_SELF = YES;
				CLANG_WARN_OBJC_LITERAL_CONVERSION = YES;
				CLANG_WARN_OBJC_ROOT_CLASS = YES_ERROR;
				CLANG_WARN_QUOTED_INCLUDE_IN_FRAMEWORK_HEADER = YES;
				CLANG_WARN_RANGE_LOOP_ANALYSIS = YES;
				CLANG_WARN_STRICT_PROTOTYPES = YES;
				CLANG_WARN_SUSPICIOUS_MOVE = YES;
				CLANG_WARN_UNGUARDED_AVAILABILITY = YES_AGGRESSIVE;
				CLANG_WARN_UNREACHABLE_CODE = YES;
				CLANG_WARN__DUPLICATE_METHOD_MATCH = YES;
				COPY_PHASE_STRIP = NO;
				DEBUG_INFORMATION_FORMAT = dwarf;
				ENABLE_STRICT_OBJC_MSGSEND = YES;
				ENABLE_TESTABILITY = YES;
				GCC_C_LANGUAGE_STANDARD = gnu11;
				GCC_DYNAMIC_NO_PIC = NO;
				GCC_NO_COMMON_BLOCKS = YES;
				GCC_OPTIMIZATION_LEVEL = 0;
				GCC_PREPROCESSOR_DEFINITIONS = (
					"DEBUG=1",
					"$(inherited)",
				);
				GCC_WARN_64_TO_32_BIT_CONVERSION = YES;
				GCC_WARN_ABOUT_RETURN_TYPE = YES_ERROR;
				GCC_WARN_UNDECLARED_SELECTOR = YES;
				GCC_WARN_UNINITIALIZED_AUTOS = YES_AGGRESSIVE;
				GCC_WARN_UNUSED_FUNCTION = YES;
				GCC_WARN_UNUSED_VARIABLE = YES;
				IPHONEOS_DEPLOYMENT_TARGET = 16.2;
				MTL_ENABLE_DEBUG_INFO = INCLUDE_SOURCE;
				MTL_FAST_MATH = YES;
				ONLY_ACTIVE_ARCH = YES;
				SDKROOT = iphoneos;
				SWIFT_ACTIVE_COMPILATION_CONDITIONS = DEBUG;
				SWIFT_OPTIMIZATION_LEVEL = "-Onone";
			};
			name = Debug;
		};
		C0532F4029C3728500B72E7B /* Release */ = {
			isa = XCBuildConfiguration;
			buildSettings = {
				ALWAYS_SEARCH_USER_PATHS = NO;
				CLANG_ANALYZER_NONNULL = YES;
				CLANG_ANALYZER_NUMBER_OBJECT_CONVERSION = YES_AGGRESSIVE;
				CLANG_CXX_LANGUAGE_STANDARD = "gnu++20";
				CLANG_ENABLE_MODULES = YES;
				CLANG_ENABLE_OBJC_ARC = YES;
				CLANG_ENABLE_OBJC_WEAK = YES;
				CLANG_WARN_BLOCK_CAPTURE_AUTORELEASING = YES;
				CLANG_WARN_BOOL_CONVERSION = YES;
				CLANG_WARN_COMMA = YES;
				CLANG_WARN_CONSTANT_CONVERSION = YES;
				CLANG_WARN_DEPRECATED_OBJC_IMPLEMENTATIONS = YES;
				CLANG_WARN_DIRECT_OBJC_ISA_USAGE = YES_ERROR;
				CLANG_WARN_DOCUMENTATION_COMMENTS = YES;
				CLANG_WARN_EMPTY_BODY = YES;
				CLANG_WARN_ENUM_CONVERSION = YES;
				CLANG_WARN_INFINITE_RECURSION = YES;
				CLANG_WARN_INT_CONVERSION = YES;
				CLANG_WARN_NON_LITERAL_NULL_CONVERSION = YES;
				CLANG_WARN_OBJC_IMPLICIT_RETAIN_SELF = YES;
				CLANG_WARN_OBJC_LITERAL_CONVERSION = YES;
				CLANG_WARN_OBJC_ROOT_CLASS = YES_ERROR;
				CLANG_WARN_QUOTED_INCLUDE_IN_FRAMEWORK_HEADER = YES;
				CLANG_WARN_RANGE_LOOP_ANALYSIS = YES;
				CLANG_WARN_STRICT_PROTOTYPES = YES;
				CLANG_WARN_SUSPICIOUS_MOVE = YES;
				CLANG_WARN_UNGUARDED_AVAILABILITY = YES_AGGRESSIVE;
				CLANG_WARN_UNREACHABLE_CODE = YES;
				CLANG_WARN__DUPLICATE_METHOD_MATCH = YES;
				COPY_PHASE_STRIP = NO;
				DEBUG_INFORMATION_FORMAT = "dwarf-with-dsym";
				ENABLE_NS_ASSERTIONS = NO;
				ENABLE_STRICT_OBJC_MSGSEND = YES;
				GCC_C_LANGUAGE_STANDARD = gnu11;
				GCC_NO_COMMON_BLOCKS = YES;
				GCC_WARN_64_TO_32_BIT_CONVERSION = YES;
				GCC_WARN_ABOUT_RETURN_TYPE = YES_ERROR;
				GCC_WARN_UNDECLARED_SELECTOR = YES;
				GCC_WARN_UNINITIALIZED_AUTOS = YES_AGGRESSIVE;
				GCC_WARN_UNUSED_FUNCTION = YES;
				GCC_WARN_UNUSED_VARIABLE = YES;
				IPHONEOS_DEPLOYMENT_TARGET = 16.2;
				MTL_ENABLE_DEBUG_INFO = NO;
				MTL_FAST_MATH = YES;
				SDKROOT = iphoneos;
				SWIFT_COMPILATION_MODE = wholemodule;
				SWIFT_OPTIMIZATION_LEVEL = "-O";
				VALIDATE_PRODUCT = YES;
			};
			name = Release;
		};
		C0532F4229C3728500B72E7B /* Debug */ = {
			isa = XCBuildConfiguration;
			buildSettings = {
				ASSETCATALOG_COMPILER_APPICON_NAME = AppIcon;
				ASSETCATALOG_COMPILER_GLOBAL_ACCENT_COLOR_NAME = AccentColor;
				CODE_SIGN_STYLE = Automatic;
				CURRENT_PROJECT_VERSION = 1;
				DEVELOPMENT_TEAM = 822D8Y7G66;
				GENERATE_INFOPLIST_FILE = YES;
				INFOPLIST_FILE = Mangime/Info.plist;
				INFOPLIST_KEY_CFBundleDisplayName = Mangime;
				INFOPLIST_KEY_UIApplicationSupportsIndirectInputEvents = YES;
				INFOPLIST_KEY_UILaunchStoryboardName = LaunchScreen;
				INFOPLIST_KEY_UIMainStoryboardFile = Main;
				INFOPLIST_KEY_UIStatusBarStyle = "";
				INFOPLIST_KEY_UISupportedInterfaceOrientations = UIInterfaceOrientationPortrait;
				IPHONEOS_DEPLOYMENT_TARGET = 15.0;
				LD_RUNPATH_SEARCH_PATHS = (
					"$(inherited)",
					"@executable_path/Frameworks",
				);
				MARKETING_VERSION = 1.0;
				PRODUCT_BUNDLE_IDENTIFIER = com.mesiow.Mangime;
				PRODUCT_NAME = "$(TARGET_NAME)";
				SWIFT_EMIT_LOC_STRINGS = YES;
				SWIFT_VERSION = 5.0;
				TARGETED_DEVICE_FAMILY = "1,2";
			};
			name = Debug;
		};
		C0532F4329C3728500B72E7B /* Release */ = {
			isa = XCBuildConfiguration;
			buildSettings = {
				ASSETCATALOG_COMPILER_APPICON_NAME = AppIcon;
				ASSETCATALOG_COMPILER_GLOBAL_ACCENT_COLOR_NAME = AccentColor;
				CODE_SIGN_STYLE = Automatic;
				CURRENT_PROJECT_VERSION = 1;
				DEVELOPMENT_TEAM = 822D8Y7G66;
				GENERATE_INFOPLIST_FILE = YES;
				INFOPLIST_FILE = Mangime/Info.plist;
				INFOPLIST_KEY_CFBundleDisplayName = Mangime;
				INFOPLIST_KEY_UIApplicationSupportsIndirectInputEvents = YES;
				INFOPLIST_KEY_UILaunchStoryboardName = LaunchScreen;
				INFOPLIST_KEY_UIMainStoryboardFile = Main;
				INFOPLIST_KEY_UIStatusBarStyle = "";
				INFOPLIST_KEY_UISupportedInterfaceOrientations = UIInterfaceOrientationPortrait;
				IPHONEOS_DEPLOYMENT_TARGET = 15.0;
				LD_RUNPATH_SEARCH_PATHS = (
					"$(inherited)",
					"@executable_path/Frameworks",
				);
				MARKETING_VERSION = 1.0;
				PRODUCT_BUNDLE_IDENTIFIER = com.mesiow.Mangime;
				PRODUCT_NAME = "$(TARGET_NAME)";
				SWIFT_EMIT_LOC_STRINGS = YES;
				SWIFT_VERSION = 5.0;
				TARGETED_DEVICE_FAMILY = "1,2";
			};
			name = Release;
		};
/* End XCBuildConfiguration section */

/* Begin XCConfigurationList section */
		C0532F2829C3728200B72E7B /* Build configuration list for PBXProject "Mangime" */ = {
			isa = XCConfigurationList;
			buildConfigurations = (
				C0532F3F29C3728500B72E7B /* Debug */,
				C0532F4029C3728500B72E7B /* Release */,
			);
			defaultConfigurationIsVisible = 0;
			defaultConfigurationName = Release;
		};
		C0532F4129C3728500B72E7B /* Build configuration list for PBXNativeTarget "Mangime" */ = {
			isa = XCConfigurationList;
			buildConfigurations = (
				C0532F4229C3728500B72E7B /* Debug */,
				C0532F4329C3728500B72E7B /* Release */,
			);
			defaultConfigurationIsVisible = 0;
			defaultConfigurationName = Release;
		};
/* End XCConfigurationList section */
	};
	rootObject = C0532F2529C3728200B72E7B /* Project object */;
}
